{
  "name": "hao-blog",
  "version": "1.0.0",
  "lockfileVersion": 1,
  "requires": true,
  "dependencies": {
    "@vuepress/plugin-back-to-top": {
      "version": "1.5.2",
      "resolved": "http://10.88.124.233:8081/repository/npm-group/@vuepress/plugin-back-to-top/-/plugin-back-to-top-1.5.2.tgz",
      "integrity": "sha512-eLieTccUQ8XdIqQXWyp0bftfud9js1idHFFyxuhHWSYAco/vTp7wLz7JdFqr8GnFye9y88B1y34iLnbZLiBlmA==",
      "dev": true,
      "requires": {
        "lodash.debounce": "^4.0.8"
      }
    },
    "lodash.debounce": {
      "version": "4.0.8",
      "resolved": "http://10.88.124.233:8081/repository/npm-group/lodash.debounce/-/lodash.debounce-4.0.8.tgz",
      "integrity": "sha1-gteb/zCmfEAF/9XiUVMArZyk168=",
      "dev": true
    }
  }
}
